
Microsoft Visual Studio Solution File, Format Version 12.00
# Visual Studio Version 17
VisualStudioVersion = 17.9.34622.214
MinimumVisualStudioVersion = 10.0.40219.1
Project("{9A19103F-16F7-4668-BE54-9A1E7A4F7556}") = "CNull", "CNull\CNull.csproj", "{F48D1FD9-B199-434B-B662-A71059A7D63E}"
EndProject
Project("{9A19103F-16F7-4668-BE54-9A1E7A4F7556}") = "CNull.Interpreter", "Core\CNull.Interpreter\CNull.Interpreter.csproj", "{F9D313A7-8CDA-4779-ABC9-41690CD8DC43}"
EndProject
Project("{9A19103F-16F7-4668-BE54-9A1E7A4F7556}") = "CNull.Parser", "Core\CNull.Parser\CNull.Parser.csproj", "{E429E678-92D4-47A4-AB37-F4D9FEF3A23F}"
EndProject
Project("{9A19103F-16F7-4668-BE54-9A1E7A4F7556}") = "CNull.Lexer", "Core\CNull.Lexer\CNull.Lexer.csproj", "{80F790FD-C11D-43AF-8E6F-14ED8DAC71B0}"
EndProject
Project("{9A19103F-16F7-4668-BE54-9A1E7A4F7556}") = "CNull.Source", "Core\CNull.Source\CNull.Source.csproj", "{EA0C65E5-3F38-4834-A3CA-D3EF96D45D27}"
EndProject
Project("{2150E333-8FDC-42A3-9474-1A3956D46DE8}") = "Core", "Core", "{418B8523-0AB0-4A2D-9471-852132032539}"
EndProject
Project("{2150E333-8FDC-42A3-9474-1A3956D46DE8}") = "Common", "Common", "{50226EB8-BD5D-4AFE-85BC-41C31A6F1E54}"
EndProject
Project("{9A19103F-16F7-4668-BE54-9A1E7A4F7556}") = "CNull.ErrorHandler", "Common\CNull.ErrorHandler\CNull.ErrorHandler.csproj", "{F4691EF0-DB91-4A34-B384-E13BE6F26EAC}"
EndProject
Project("{9A19103F-16F7-4668-BE54-9A1E7A4F7556}") = "CNull.Common", "Common\CNull.Common\CNull.Common.csproj", "{6D1113F3-1D8F-41F6-898B-39DD5D60D602}"
EndProject
Project("{2150E333-8FDC-42A3-9474-1A3956D46DE8}") = "Tests", "Tests", "{E7ECB2F6-E4B3-4F0A-AAC0-C712276CC7BE}"
EndProject
Project("{2150E333-8FDC-42A3-9474-1A3956D46DE8}") = "UnitTests", "UnitTests", "{39405461-695E-47A9-94C1-A4AED5DA42A8}"
EndProject
Project("{9A19103F-16F7-4668-BE54-9A1E7A4F7556}") = "CNull.Parser.Tests", "Tests\UnitTests\CNull.Parser.Tests\CNull.Parser.Tests.csproj", "{C118C9B2-F077-458C-ACAB-F26F826BD2DE}"
EndProject
Project("{9A19103F-16F7-4668-BE54-9A1E7A4F7556}") = "CNull.Lexer.Tests", "Tests\UnitTests\CNull.Lexer.Tests\CNull.Lexer.Tests.csproj", "{1C2CC3A4-B4A9-4BD6-861E-6A7D9EB4EBB4}"
EndProject
Project("{9A19103F-16F7-4668-BE54-9A1E7A4F7556}") = "CNull.Interpreter.Tests", "Tests\UnitTests\CNull.Interpreter.Tests\CNull.Interpreter.Tests.csproj", "{F0829328-2A53-4D86-9B27-3E5C8C482308}"
EndProject
Project("{9A19103F-16F7-4668-BE54-9A1E7A4F7556}") = "CNull.IntegrationTests", "Tests\CNull.IntegrationTests\CNull.IntegrationTests.csproj", "{DD28E100-2266-487E-BE2E-0CF26D9E1B2D}"
EndProject
Project("{9A19103F-16F7-4668-BE54-9A1E7A4F7556}") = "CNull.Source.Tests", "Tests\UnitTests\CNull.Source.Tests\CNull.Source.Tests.csproj", "{272645F3-985C-4FEE-BB64-C906984BAE3B}"
EndProject
Global
	GlobalSection(SolutionConfigurationPlatforms) = preSolution
		Debug|Any CPU = Debug|Any CPU
		Release|Any CPU = Release|Any CPU
	EndGlobalSection
	GlobalSection(ProjectConfigurationPlatforms) = postSolution
		{F48D1FD9-B199-434B-B662-A71059A7D63E}.Debug|Any CPU.ActiveCfg = Debug|Any CPU
		{F48D1FD9-B199-434B-B662-A71059A7D63E}.Debug|Any CPU.Build.0 = Debug|Any CPU
		{F48D1FD9-B199-434B-B662-A71059A7D63E}.Release|Any CPU.ActiveCfg = Release|Any CPU
		{F48D1FD9-B199-434B-B662-A71059A7D63E}.Release|Any CPU.Build.0 = Release|Any CPU
		{F9D313A7-8CDA-4779-ABC9-41690CD8DC43}.Debug|Any CPU.ActiveCfg = Debug|Any CPU
		{F9D313A7-8CDA-4779-ABC9-41690CD8DC43}.Debug|Any CPU.Build.0 = Debug|Any CPU
		{F9D313A7-8CDA-4779-ABC9-41690CD8DC43}.Release|Any CPU.ActiveCfg = Release|Any CPU
		{F9D313A7-8CDA-4779-ABC9-41690CD8DC43}.Release|Any CPU.Build.0 = Release|Any CPU
		{E429E678-92D4-47A4-AB37-F4D9FEF3A23F}.Debug|Any CPU.ActiveCfg = Debug|Any CPU
		{E429E678-92D4-47A4-AB37-F4D9FEF3A23F}.Debug|Any CPU.Build.0 = Debug|Any CPU
		{E429E678-92D4-47A4-AB37-F4D9FEF3A23F}.Release|Any CPU.ActiveCfg = Release|Any CPU
		{E429E678-92D4-47A4-AB37-F4D9FEF3A23F}.Release|Any CPU.Build.0 = Release|Any CPU
		{80F790FD-C11D-43AF-8E6F-14ED8DAC71B0}.Debug|Any CPU.ActiveCfg = Debug|Any CPU
		{80F790FD-C11D-43AF-8E6F-14ED8DAC71B0}.Debug|Any CPU.Build.0 = Debug|Any CPU
		{80F790FD-C11D-43AF-8E6F-14ED8DAC71B0}.Release|Any CPU.ActiveCfg = Release|Any CPU
		{80F790FD-C11D-43AF-8E6F-14ED8DAC71B0}.Release|Any CPU.Build.0 = Release|Any CPU
		{EA0C65E5-3F38-4834-A3CA-D3EF96D45D27}.Debug|Any CPU.ActiveCfg = Debug|Any CPU
		{EA0C65E5-3F38-4834-A3CA-D3EF96D45D27}.Debug|Any CPU.Build.0 = Debug|Any CPU
		{EA0C65E5-3F38-4834-A3CA-D3EF96D45D27}.Release|Any CPU.ActiveCfg = Release|Any CPU
		{EA0C65E5-3F38-4834-A3CA-D3EF96D45D27}.Release|Any CPU.Build.0 = Release|Any CPU
		{F4691EF0-DB91-4A34-B384-E13BE6F26EAC}.Debug|Any CPU.ActiveCfg = Debug|Any CPU
		{F4691EF0-DB91-4A34-B384-E13BE6F26EAC}.Debug|Any CPU.Build.0 = Debug|Any CPU
		{F4691EF0-DB91-4A34-B384-E13BE6F26EAC}.Release|Any CPU.ActiveCfg = Release|Any CPU
		{F4691EF0-DB91-4A34-B384-E13BE6F26EAC}.Release|Any CPU.Build.0 = Release|Any CPU
		{6D1113F3-1D8F-41F6-898B-39DD5D60D602}.Debug|Any CPU.ActiveCfg = Debug|Any CPU
		{6D1113F3-1D8F-41F6-898B-39DD5D60D602}.Debug|Any CPU.Build.0 = Debug|Any CPU
		{6D1113F3-1D8F-41F6-898B-39DD5D60D602}.Release|Any CPU.ActiveCfg = Release|Any CPU
		{6D1113F3-1D8F-41F6-898B-39DD5D60D602}.Release|Any CPU.Build.0 = Release|Any CPU
		{C118C9B2-F077-458C-ACAB-F26F826BD2DE}.Debug|Any CPU.ActiveCfg = Debug|Any CPU
		{C118C9B2-F077-458C-ACAB-F26F826BD2DE}.Debug|Any CPU.Build.0 = Debug|Any CPU
		{C118C9B2-F077-458C-ACAB-F26F826BD2DE}.Release|Any CPU.ActiveCfg = Release|Any CPU
		{C118C9B2-F077-458C-ACAB-F26F826BD2DE}.Release|Any CPU.Build.0 = Release|Any CPU
		{1C2CC3A4-B4A9-4BD6-861E-6A7D9EB4EBB4}.Debug|Any CPU.ActiveCfg = Debug|Any CPU
		{1C2CC3A4-B4A9-4BD6-861E-6A7D9EB4EBB4}.Debug|Any CPU.Build.0 = Debug|Any CPU
		{1C2CC3A4-B4A9-4BD6-861E-6A7D9EB4EBB4}.Release|Any CPU.ActiveCfg = Release|Any CPU
		{1C2CC3A4-B4A9-4BD6-861E-6A7D9EB4EBB4}.Release|Any CPU.Build.0 = Release|Any CPU
		{F0829328-2A53-4D86-9B27-3E5C8C482308}.Debug|Any CPU.ActiveCfg = Debug|Any CPU
		{F0829328-2A53-4D86-9B27-3E5C8C482308}.Debug|Any CPU.Build.0 = Debug|Any CPU
		{F0829328-2A53-4D86-9B27-3E5C8C482308}.Release|Any CPU.ActiveCfg = Release|Any CPU
		{F0829328-2A53-4D86-9B27-3E5C8C482308}.Release|Any CPU.Build.0 = Release|Any CPU
		{DD28E100-2266-487E-BE2E-0CF26D9E1B2D}.Debug|Any CPU.ActiveCfg = Debug|Any CPU
		{DD28E100-2266-487E-BE2E-0CF26D9E1B2D}.Debug|Any CPU.Build.0 = Debug|Any CPU
		{DD28E100-2266-487E-BE2E-0CF26D9E1B2D}.Release|Any CPU.ActiveCfg = Release|Any CPU
		{DD28E100-2266-487E-BE2E-0CF26D9E1B2D}.Release|Any CPU.Build.0 = Release|Any CPU
		{272645F3-985C-4FEE-BB64-C906984BAE3B}.Debug|Any CPU.ActiveCfg = Debug|Any CPU
		{272645F3-985C-4FEE-BB64-C906984BAE3B}.Debug|Any CPU.Build.0 = Debug|Any CPU
		{272645F3-985C-4FEE-BB64-C906984BAE3B}.Release|Any CPU.ActiveCfg = Release|Any CPU
		{272645F3-985C-4FEE-BB64-C906984BAE3B}.Release|Any CPU.Build.0 = Release|Any CPU
	EndGlobalSection
	GlobalSection(SolutionProperties) = preSolution
		HideSolutionNode = FALSE
	EndGlobalSection
	GlobalSection(NestedProjects) = preSolution
		{F9D313A7-8CDA-4779-ABC9-41690CD8DC43} = {418B8523-0AB0-4A2D-9471-852132032539}
		{E429E678-92D4-47A4-AB37-F4D9FEF3A23F} = {418B8523-0AB0-4A2D-9471-852132032539}
		{80F790FD-C11D-43AF-8E6F-14ED8DAC71B0} = {418B8523-0AB0-4A2D-9471-852132032539}
		{EA0C65E5-3F38-4834-A3CA-D3EF96D45D27} = {418B8523-0AB0-4A2D-9471-852132032539}
		{F4691EF0-DB91-4A34-B384-E13BE6F26EAC} = {50226EB8-BD5D-4AFE-85BC-41C31A6F1E54}
		{6D1113F3-1D8F-41F6-898B-39DD5D60D602} = {50226EB8-BD5D-4AFE-85BC-41C31A6F1E54}
		{39405461-695E-47A9-94C1-A4AED5DA42A8} = {E7ECB2F6-E4B3-4F0A-AAC0-C712276CC7BE}
		{C118C9B2-F077-458C-ACAB-F26F826BD2DE} = {39405461-695E-47A9-94C1-A4AED5DA42A8}
		{1C2CC3A4-B4A9-4BD6-861E-6A7D9EB4EBB4} = {39405461-695E-47A9-94C1-A4AED5DA42A8}
		{F0829328-2A53-4D86-9B27-3E5C8C482308} = {39405461-695E-47A9-94C1-A4AED5DA42A8}
		{DD28E100-2266-487E-BE2E-0CF26D9E1B2D} = {E7ECB2F6-E4B3-4F0A-AAC0-C712276CC7BE}
		{272645F3-985C-4FEE-BB64-C906984BAE3B} = {39405461-695E-47A9-94C1-A4AED5DA42A8}
	EndGlobalSection
	GlobalSection(ExtensibilityGlobals) = postSolution
		SolutionGuid = {F8584C62-8384-4AC3-A6DD-D3C1C3D24A23}
	EndGlobalSection
EndGlobal
